
Microsoft Visual Studio Solution File, Format Version 12.00
# Visual Studio Version 17
VisualStudioVersion = 17.3.32929.385
MinimumVisualStudioVersion = 10.0.40219.1
Project("{FAE04EC0-301F-11D3-BF4B-00C04F79EFBC}") = "secretsdump", "secretsdump\secretsdump.csproj", "{595E25E8-FBB3-4324-B68B-B5657070BEBE}"
EndProject
Global
	GlobalSection(SolutionConfigurationPlatforms) = preSolution
		Debug|Any CPU = Debug|Any CPU
		Release|Any CPU = Release|Any CPU
	EndGlobalSection
	GlobalSection(ProjectConfigurationPlatforms) = postSolution
		{595E25E8-FBB3-4324-B68B-B5657070BEBE}.Debug|Any CPU.ActiveCfg = Debug|Any CPU
		{595E25E8-FBB3-4324-B68B-B5657070BEBE}.Debug|Any CPU.Build.0 = Debug|Any CPU
		{595E25E8-FBB3-4324-B68B-B5657070BEBE}.Release|Any CPU.ActiveCfg = Release|Any CPU
		{595E25E8-FBB3-4324-B68B-B5657070BEBE}.Release|Any CPU.Build.0 = Release|Any CPU
	EndGlobalSection
	GlobalSection(SolutionProperties) = preSolution
		HideSolutionNode = FALSE
	EndGlobalSection
	GlobalSection(ExtensibilityGlobals) = postSolution
		SolutionGuid = {5C1C932C-8202-45E3-AD40-833F39A9B91E}
	EndGlobalSection
EndGlobal
